{
  "pins" : [
    {
      "identity" : "gpx.swift",
      "kind" : "remoteSourceControl",
      "location" : "https://github.com/nikstar/GPX.swift",
      "state" : {
        "revision" : "250671c298b2cded88af4c758d7f0a88e96b4013",
        "version" : "0.2.1"
      }
    },
    {
      "identity" : "polyline",
      "kind" : "remoteSourceControl",
      "location" : "https://github.com/raphaelmor/Polyline",
      "state" : {
        "revision" : "353f80378dcd8f17eefe8550090c6b1ae3c9da23",
        "version" : "5.1.0"
      }
    },
    {
      "identity" : "swiftyjson",
      "kind" : "remoteSourceControl",
      "location" : "https://github.com/SwiftyJSON/SwiftyJSON",
      "state" : {
        "revision" : "2b6054efa051565954e1d2b9da831680026cd768",
        "version" : "4.3.0"
      }
    },
    {
      "identity" : "swxmlhash",
      "kind" : "remoteSourceControl",
      "location" : "https://github.com/drmohundro/SWXMLHash.git",
      "state" : {
        "revision" : "f43166a8e18fdd0857f29e303b1bb79a5428bca0",
        "version" : "4.9.0"
      }
    }
  ],
  "version" : 2
}
